// !$*UTF8*$!
{
	archiveVersion = 1;
	classes = {
	};
	objectVersion = 56;
	objects = {

/* Begin PBXBuildFile section */
		1A14517C2C6CF03B003D5ECF /* Drain You.mp3 in Resources */ = {isa = PBXBuildFile; fileRef = 1A1451702C6CF03B003D5ECF /* Drain You.mp3 */; };
		1A14517D2C6CF03B003D5ECF /* Come As You Are.mp3 in Resources */ = {isa = PBXBuildFile; fileRef = 1A1451712C6CF03B003D5ECF /* Come As You Are.mp3 */; };
		1A14517E2C6CF03B003D5ECF /* Smells Like Teen Spirit.mp3 in Resources */ = {isa = PBXBuildFile; fileRef = 1A1451722C6CF03B003D5ECF /* Smells Like Teen Spirit.mp3 */; };
		1A14517F2C6CF03B003D5ECF /* On A Plain.mp3 in Resources */ = {isa = PBXBuildFile; fileRef = 1A1451732C6CF03B003D5ECF /* On A Plain.mp3 */; };
		1A1451802C6CF03B003D5ECF /* Territorial Pissings.mp3 in Resources */ = {isa = PBXBuildFile; fileRef = 1A1451742C6CF03B003D5ECF /* Territorial Pissings.mp3 */; };
		1A1451812C6CF03B003D5ECF /* In Bloom.mp3 in Resources */ = {isa = PBXBuildFile; fileRef = 1A1451752C6CF03B003D5ECF /* In Bloom.mp3 */; };
		1A1451822C6CF03B003D5ECF /* Something In The Way.mp3 in Resources */ = {isa = PBXBuildFile; fileRef = 1A1451762C6CF03B003D5ECF /* Something In The Way.mp3 */; };
		1A1451832C6CF03B003D5ECF /* Polly.mp3 in Resources */ = {isa = PBXBuildFile; fileRef = 1A1451772C6CF03B003D5ECF /* Polly.mp3 */; };
		1A1451842C6CF03B003D5ECF /* Lounge Act.mp3 in Resources */ = {isa = PBXBuildFile; fileRef = 1A1451782C6CF03B003D5ECF /* Lounge Act.mp3 */; };
		1A1451852C6CF03B003D5ECF /* Stay Away.mp3 in Resources */ = {isa = PBXBuildFile; fileRef = 1A1451792C6CF03B003D5ECF /* Stay Away.mp3 */; };
		1A1451862C6CF03B003D5ECF /* Breed.mp3 in Resources */ = {isa = PBXBuildFile; fileRef = 1A14517A2C6CF03B003D5ECF /* Breed.mp3 */; };
		1A1451872C6CF03B003D5ECF /* Lithium.mp3 in Resources */ = {isa = PBXBuildFile; fileRef = 1A14517B2C6CF03B003D5ECF /* Lithium.mp3 */; };
		1A1451902C6D5517003D5ECF /* TrackEntities+CoreDataClass.swift in Sources */ = {isa = PBXBuildFile; fileRef = 1A14518E2C6D5517003D5ECF /* TrackEntities+CoreDataClass.swift */; };
		1A1451912C6D5517003D5ECF /* TrackEntities+CoreDataProperties.swift in Sources */ = {isa = PBXBuildFile; fileRef = 1A14518F2C6D5517003D5ECF /* TrackEntities+CoreDataProperties.swift */; };
		1A1451942C6D584A003D5ECF /* PlayerViewController.swift in Sources */ = {isa = PBXBuildFile; fileRef = 1A1451932C6D584A003D5ECF /* PlayerViewController.swift */; };
		1A1451962C6D64E3003D5ECF /* UIImage + Ext.swift in Sources */ = {isa = PBXBuildFile; fileRef = 1A1451952C6D64E3003D5ECF /* UIImage + Ext.swift */; };
		1A1451992C6D6B21003D5ECF /* FullScreenViewController.swift in Sources */ = {isa = PBXBuildFile; fileRef = 1A1451982C6D6B21003D5ECF /* FullScreenViewController.swift */; };
		1A14519C2C6D747D003D5ECF /* AudioPlayer.swift in Sources */ = {isa = PBXBuildFile; fileRef = 1A14519B2C6D747D003D5ECF /* AudioPlayer.swift */; };
		1A14519E2C6E3F8A003D5ECF /* FavouritesView.swift in Sources */ = {isa = PBXBuildFile; fileRef = 1A14519D2C6E3F8A003D5ECF /* FavouritesView.swift */; };
		1A1451A12C6E3FA8003D5ECF /* FavouritesViewController.swift in Sources */ = {isa = PBXBuildFile; fileRef = 1A1451A02C6E3FA8003D5ECF /* FavouritesViewController.swift */; };
		1A1451A42C6E4768003D5ECF /* FavouritesManager.swift in Sources */ = {isa = PBXBuildFile; fileRef = 1A1451A32C6E4768003D5ECF /* FavouritesManager.swift */; };
		1A1451A62C6E744B003D5ECF /* FavouritesVC + TableView.swift in Sources */ = {isa = PBXBuildFile; fileRef = 1A1451A52C6E744B003D5ECF /* FavouritesVC + TableView.swift */; };
		1A1451A82C6E7514003D5ECF /* FavouritesViewModel.swift in Sources */ = {isa = PBXBuildFile; fileRef = 1A1451A72C6E7514003D5ECF /* FavouritesViewModel.swift */; };
		1A1451AE2C6E9E1E003D5ECF /* FeedCoordinator.swift in Sources */ = {isa = PBXBuildFile; fileRef = 1A1451AD2C6E9E1E003D5ECF /* FeedCoordinator.swift */; };
		1A1451B02C6E9E43003D5ECF /* ProfileCoordinator.swift in Sources */ = {isa = PBXBuildFile; fileRef = 1A1451AF2C6E9E43003D5ECF /* ProfileCoordinator.swift */; };
		1A1451B32C6E9F85003D5ECF /* FavouritesCoordinator.swift in Sources */ = {isa = PBXBuildFile; fileRef = 1A1451B22C6E9F85003D5ECF /* FavouritesCoordinator.swift */; };
		1A1451B52C6EA1DB003D5ECF /* AuthManager.swift in Sources */ = {isa = PBXBuildFile; fileRef = 1A1451B42C6EA1DB003D5ECF /* AuthManager.swift */; };
		1A1451B72C6EA749003D5ECF /* PlayerCoordinator.swift in Sources */ = {isa = PBXBuildFile; fileRef = 1A1451B62C6EA748003D5ECF /* PlayerCoordinator.swift */; };
		1A1451BF2C6EAB87003D5ECF /* ProfileVC + Action.swift in Sources */ = {isa = PBXBuildFile; fileRef = 1A1451BE2C6EAB87003D5ECF /* ProfileVC + Action.swift */; };
		1A1451C12C6EAD2D003D5ECF /* FeedVC + Action.swift in Sources */ = {isa = PBXBuildFile; fileRef = 1A1451C02C6EAD2D003D5ECF /* FeedVC + Action.swift */; };
		1A1451C32C6EADE5003D5ECF /* AddTrackVC + Action.swift in Sources */ = {isa = PBXBuildFile; fileRef = 1A1451C22C6EADE5003D5ECF /* AddTrackVC + Action.swift */; };
		1A1451C52C6EAE75003D5ECF /* AddTrackVC + UIDocumentPickerDelegate.swift in Sources */ = {isa = PBXBuildFile; fileRef = 1A1451C42C6EAE75003D5ECF /* AddTrackVC + UIDocumentPickerDelegate.swift */; };
		1A1451C72C6EAEC5003D5ECF /* AddTrackVC + UIImagePickerDelegate.swift in Sources */ = {isa = PBXBuildFile; fileRef = 1A1451C62C6EAEC5003D5ECF /* AddTrackVC + UIImagePickerDelegate.swift */; };
		1A1451C92C6EAF57003D5ECF /* PlayerView.swift in Sources */ = {isa = PBXBuildFile; fileRef = 1A1451C82C6EAF57003D5ECF /* PlayerView.swift */; };
		1A1451CB2C6EB0FF003D5ECF /* PlayerVC + Action.swift in Sources */ = {isa = PBXBuildFile; fileRef = 1A1451CA2C6EB0FF003D5ECF /* PlayerVC + Action.swift */; };
		1A1451CD2C6EB1E0003D5ECF /* FullScreenView.swift in Sources */ = {isa = PBXBuildFile; fileRef = 1A1451CC2C6EB1E0003D5ECF /* FullScreenView.swift */; };
		1A1451CF2C6EB388003D5ECF /* FullScreenVC + Action.swift in Sources */ = {isa = PBXBuildFile; fileRef = 1A1451CE2C6EB388003D5ECF /* FullScreenVC + Action.swift */; };
		1A1451D12C6EB705003D5ECF /* ProfileViewModel.swift in Sources */ = {isa = PBXBuildFile; fileRef = 1A1451D02C6EB705003D5ECF /* ProfileViewModel.swift */; };
		1A1451D32C6EBA7F003D5ECF /* AddTrackViewModel.swift in Sources */ = {isa = PBXBuildFile; fileRef = 1A1451D22C6EBA7F003D5ECF /* AddTrackViewModel.swift */; };
		1A1451D52C6EBBAF003D5ECF /* PlayerViewModel.swift in Sources */ = {isa = PBXBuildFile; fileRef = 1A1451D42C6EBBAF003D5ECF /* PlayerViewModel.swift */; };
		1A1451D72C6EBD1F003D5ECF /* FullScreenViewModel.swift in Sources */ = {isa = PBXBuildFile; fileRef = 1A1451D62C6EBD1F003D5ECF /* FullScreenViewModel.swift */; };
		1A415B512C6A6E5300FF3825 /* AppDelegate.swift in Sources */ = {isa = PBXBuildFile; fileRef = 1A415B502C6A6E5300FF3825 /* AppDelegate.swift */; };
		1A415B532C6A6E5300FF3825 /* SceneDelegate.swift in Sources */ = {isa = PBXBuildFile; fileRef = 1A415B522C6A6E5300FF3825 /* SceneDelegate.swift */; };
		1A415B552C6A6E5300FF3825 /* ViewController.swift in Sources */ = {isa = PBXBuildFile; fileRef = 1A415B542C6A6E5300FF3825 /* ViewController.swift */; };
		1A415B5D2C6A6E5500FF3825 /* Assets.xcassets in Resources */ = {isa = PBXBuildFile; fileRef = 1A415B5C2C6A6E5500FF3825 /* Assets.xcassets */; };
		1A415B602C6A6E5500FF3825 /* Base in Resources */ = {isa = PBXBuildFile; fileRef = 1A415B5F2C6A6E5500FF3825 /* Base */; };
		1A415B692C6A6FEB00FF3825 /* Coordinator.swift in Sources */ = {isa = PBXBuildFile; fileRef = 1A415B682C6A6FEB00FF3825 /* Coordinator.swift */; };
		1A415B6B2C6A700400FF3825 /* AuthCoordinator.swift in Sources */ = {isa = PBXBuildFile; fileRef = 1A415B6A2C6A700400FF3825 /* AuthCoordinator.swift */; };
		1A415B6D2C6A707C00FF3825 /* AuthViewController.swift in Sources */ = {isa = PBXBuildFile; fileRef = 1A415B6C2C6A707C00FF3825 /* AuthViewController.swift */; };
		1A415B6F2C6A708600FF3825 /* MainViewController.swift in Sources */ = {isa = PBXBuildFile; fileRef = 1A415B6E2C6A708600FF3825 /* MainViewController.swift */; };
		1A415B712C6A801900FF3825 /* MainTabBarCoordinator.swift in Sources */ = {isa = PBXBuildFile; fileRef = 1A415B702C6A801900FF3825 /* MainTabBarCoordinator.swift */; };
		1A415B7A2C6A835500FF3825 /* AuthView.swift in Sources */ = {isa = PBXBuildFile; fileRef = 1A415B792C6A835500FF3825 /* AuthView.swift */; };
		1A415B822C6A838D00FF3825 /* UIView + Ext.swift in Sources */ = {isa = PBXBuildFile; fileRef = 1A415B812C6A838D00FF3825 /* UIView + Ext.swift */; };
		1A415B842C6A83D800FF3825 /* UIButton + Ext.swift in Sources */ = {isa = PBXBuildFile; fileRef = 1A415B832C6A83D800FF3825 /* UIButton + Ext.swift */; };
		1A415B862C6A83F900FF3825 /* UITextField + Ext.swift in Sources */ = {isa = PBXBuildFile; fileRef = 1A415B852C6A83F900FF3825 /* UITextField + Ext.swift */; };
		1A415B882C6A841000FF3825 /* Resources.swift in Sources */ = {isa = PBXBuildFile; fileRef = 1A415B872C6A841000FF3825 /* Resources.swift */; };
		1A415B922C6A858A00FF3825 /* SnapKit in Frameworks */ = {isa = PBXBuildFile; productRef = 1A415B912C6A858A00FF3825 /* SnapKit */; };
		1A415B942C6A869900FF3825 /* AuthViewModel.swift in Sources */ = {isa = PBXBuildFile; fileRef = 1A415B932C6A869900FF3825 /* AuthViewModel.swift */; };
		1A415B9A2C6A89E400FF3825 /* MainTabBarController.swift in Sources */ = {isa = PBXBuildFile; fileRef = 1A415B992C6A89E400FF3825 /* MainTabBarController.swift */; };
		1A415B9E2C6A8A3200FF3825 /* FeedViewController.swift in Sources */ = {isa = PBXBuildFile; fileRef = 1A415B9D2C6A8A3200FF3825 /* FeedViewController.swift */; };
		1A415BA12C6A8A4700FF3825 /* ProfileViewController.swift in Sources */ = {isa = PBXBuildFile; fileRef = 1A415BA02C6A8A4700FF3825 /* ProfileViewController.swift */; };
		1A415BA32C6A8BDE00FF3825 /* ProfileView.swift in Sources */ = {isa = PBXBuildFile; fileRef = 1A415BA22C6A8BDE00FF3825 /* ProfileView.swift */; };
		1A415BA52C6A959200FF3825 /* FeedView.swift in Sources */ = {isa = PBXBuildFile; fileRef = 1A415BA42C6A959200FF3825 /* FeedView.swift */; };
		1A415BA72C6A97E100FF3825 /* FeedVC + TableView.swift in Sources */ = {isa = PBXBuildFile; fileRef = 1A415BA62C6A97E100FF3825 /* FeedVC + TableView.swift */; };
		1A415BA92C6A984400FF3825 /* TrackTableViewCell.swift in Sources */ = {isa = PBXBuildFile; fileRef = 1A415BA82C6A984400FF3825 /* TrackTableViewCell.swift */; };
		1A9BF2962C6AA341000661EC /* TrackManager.swift in Sources */ = {isa = PBXBuildFile; fileRef = 1A9BF2952C6AA341000661EC /* TrackManager.swift */; };
		1A9BF2992C6AA3D9000661EC /* TracksViewModel.swift in Sources */ = {isa = PBXBuildFile; fileRef = 1A9BF2982C6AA3D9000661EC /* TracksViewModel.swift */; };
		1A9BF29C2C6AA47F000661EC /* AddTrackViewController.swift in Sources */ = {isa = PBXBuildFile; fileRef = 1A9BF29B2C6AA47F000661EC /* AddTrackViewController.swift */; };
		1A9BF2A12C6AC957000661EC /* AddTrackView.swift in Sources */ = {isa = PBXBuildFile; fileRef = 1A9BF2A02C6AC957000661EC /* AddTrackView.swift */; };
		1A9BF2A82C6ADDE5000661EC /* TrackModel.xcdatamodeld in Sources */ = {isa = PBXBuildFile; fileRef = 1A9BF2A62C6ADDE5000661EC /* TrackModel.xcdatamodeld */; };
/* End PBXBuildFile section */

/* Begin PBXCopyFilesBuildPhase section */
		1A415B8F2C6A851D00FF3825 /* Embed Frameworks */ = {
			isa = PBXCopyFilesBuildPhase;
			buildActionMask = 2147483647;
			dstPath = "";
			dstSubfolderSpec = 10;
			files = (
			);
			name = "Embed Frameworks";
			runOnlyForDeploymentPostprocessing = 0;
		};
/* End PBXCopyFilesBuildPhase section */

/* Begin PBXFileReference section */
		1A1451702C6CF03B003D5ECF /* Drain You.mp3 */ = {isa = PBXFileReference; lastKnownFileType = audio.mp3; name = "Drain You.mp3"; path = "../../../../../Downloads/Nirvana - Nevermind (Remastered)/Drain You.mp3"; sourceTree = "<group>"; };
		1A1451712C6CF03B003D5ECF /* Come As You Are.mp3 */ = {isa = PBXFileReference; lastKnownFileType = audio.mp3; name = "Come As You Are.mp3"; path = "../../../../../Downloads/Nirvana - Nevermind (Remastered)/Come As You Are.mp3"; sourceTree = "<group>"; };
		1A1451722C6CF03B003D5ECF /* Smells Like Teen Spirit.mp3 */ = {isa = PBXFileReference; lastKnownFileType = audio.mp3; name = "Smells Like Teen Spirit.mp3"; path = "../../../../../Downloads/Nirvana - Nevermind (Remastered)/Smells Like Teen Spirit.mp3"; sourceTree = "<group>"; };
		1A1451732C6CF03B003D5ECF /* On A Plain.mp3 */ = {isa = PBXFileReference; lastKnownFileType = audio.mp3; name = "On A Plain.mp3"; path = "../../../../../Downloads/Nirvana - Nevermind (Remastered)/On A Plain.mp3"; sourceTree = "<group>"; };
		1A1451742C6CF03B003D5ECF /* Territorial Pissings.mp3 */ = {isa = PBXFileReference; lastKnownFileType = audio.mp3; name = "Territorial Pissings.mp3"; path = "../../../../../Downloads/Nirvana - Nevermind (Remastered)/Territorial Pissings.mp3"; sourceTree = "<group>"; };
		1A1451752C6CF03B003D5ECF /* In Bloom.mp3 */ = {isa = PBXFileReference; lastKnownFileType = audio.mp3; name = "In Bloom.mp3"; path = "../../../../../Downloads/Nirvana - Nevermind (Remastered)/In Bloom.mp3"; sourceTree = "<group>"; };
		1A1451762C6CF03B003D5ECF /* Something In The Way.mp3 */ = {isa = PBXFileReference; lastKnownFileType = audio.mp3; name = "Something In The Way.mp3"; path = "../../../../../Downloads/Nirvana - Nevermind (Remastered)/Something In The Way.mp3"; sourceTree = "<group>"; };
		1A1451772C6CF03B003D5ECF /* Polly.mp3 */ = {isa = PBXFileReference; lastKnownFileType = audio.mp3; name = Polly.mp3; path = "../../../../../Downloads/Nirvana - Nevermind (Remastered)/Polly.mp3"; sourceTree = "<group>"; };
		1A1451782C6CF03B003D5ECF /* Lounge Act.mp3 */ = {isa = PBXFileReference; lastKnownFileType = audio.mp3; name = "Lounge Act.mp3"; path = "../../../../../Downloads/Nirvana - Nevermind (Remastered)/Lounge Act.mp3"; sourceTree = "<group>"; };
		1A1451792C6CF03B003D5ECF /* Stay Away.mp3 */ = {isa = PBXFileReference; lastKnownFileType = audio.mp3; name = "Stay Away.mp3"; path = "../../../../../Downloads/Nirvana - Nevermind (Remastered)/Stay Away.mp3"; sourceTree = "<group>"; };
		1A14517A2C6CF03B003D5ECF /* Breed.mp3 */ = {isa = PBXFileReference; lastKnownFileType = audio.mp3; name = Breed.mp3; path = "../../../../../Downloads/Nirvana - Nevermind (Remastered)/Breed.mp3"; sourceTree = "<group>"; };
		1A14517B2C6CF03B003D5ECF /* Lithium.mp3 */ = {isa = PBXFileReference; lastKnownFileType = audio.mp3; name = Lithium.mp3; path = "../../../../../Downloads/Nirvana - Nevermind (Remastered)/Lithium.mp3"; sourceTree = "<group>"; };
		1A14518E2C6D5517003D5ECF /* TrackEntities+CoreDataClass.swift */ = {isa = PBXFileReference; lastKnownFileType = sourcecode.swift; path = "TrackEntities+CoreDataClass.swift"; sourceTree = "<group>"; };
		1A14518F2C6D5517003D5ECF /* TrackEntities+CoreDataProperties.swift */ = {isa = PBXFileReference; lastKnownFileType = sourcecode.swift; path = "TrackEntities+CoreDataProperties.swift"; sourceTree = "<group>"; };
		1A1451932C6D584A003D5ECF /* PlayerViewController.swift */ = {isa = PBXFileReference; lastKnownFileType = sourcecode.swift; path = PlayerViewController.swift; sourceTree = "<group>"; };
		1A1451952C6D64E3003D5ECF /* UIImage + Ext.swift */ = {isa = PBXFileReference; lastKnownFileType = sourcecode.swift; path = "UIImage + Ext.swift"; sourceTree = "<group>"; };
		1A1451982C6D6B21003D5ECF /* FullScreenViewController.swift */ = {isa = PBXFileReference; lastKnownFileType = sourcecode.swift; path = FullScreenViewController.swift; sourceTree = "<group>"; };
		1A14519B2C6D747D003D5ECF /* AudioPlayer.swift */ = {isa = PBXFileReference; lastKnownFileType = sourcecode.swift; path = AudioPlayer.swift; sourceTree = "<group>"; };
		1A14519D2C6E3F8A003D5ECF /* FavouritesView.swift */ = {isa = PBXFileReference; lastKnownFileType = sourcecode.swift; path = FavouritesView.swift; sourceTree = "<group>"; };
		1A1451A02C6E3FA8003D5ECF /* FavouritesViewController.swift */ = {isa = PBXFileReference; lastKnownFileType = sourcecode.swift; name = FavouritesViewController.swift; path = BistrovPBD/View/FavouritesViewController.swift; sourceTree = SOURCE_ROOT; };
		1A1451A32C6E4768003D5ECF /* FavouritesManager.swift */ = {isa = PBXFileReference; lastKnownFileType = sourcecode.swift; path = FavouritesManager.swift; sourceTree = "<group>"; };
		1A1451A52C6E744B003D5ECF /* FavouritesVC + TableView.swift */ = {isa = PBXFileReference; lastKnownFileType = sourcecode.swift; path = "FavouritesVC + TableView.swift"; sourceTree = "<group>"; };
		1A1451A72C6E7514003D5ECF /* FavouritesViewModel.swift */ = {isa = PBXFileReference; lastKnownFileType = sourcecode.swift; path = FavouritesViewModel.swift; sourceTree = "<group>"; };
		1A1451AD2C6E9E1E003D5ECF /* FeedCoordinator.swift */ = {isa = PBXFileReference; lastKnownFileType = sourcecode.swift; path = FeedCoordinator.swift; sourceTree = "<group>"; };
		1A1451AF2C6E9E43003D5ECF /* ProfileCoordinator.swift */ = {isa = PBXFileReference; lastKnownFileType = sourcecode.swift; path = ProfileCoordinator.swift; sourceTree = "<group>"; };
		1A1451B22C6E9F85003D5ECF /* FavouritesCoordinator.swift */ = {isa = PBXFileReference; lastKnownFileType = sourcecode.swift; path = FavouritesCoordinator.swift; sourceTree = "<group>"; };
		1A1451B42C6EA1DB003D5ECF /* AuthManager.swift */ = {isa = PBXFileReference; lastKnownFileType = sourcecode.swift; path = AuthManager.swift; sourceTree = "<group>"; };
		1A1451B62C6EA748003D5ECF /* PlayerCoordinator.swift */ = {isa = PBXFileReference; lastKnownFileType = sourcecode.swift; path = PlayerCoordinator.swift; sourceTree = "<group>"; };
		1A1451BE2C6EAB87003D5ECF /* ProfileVC + Action.swift */ = {isa = PBXFileReference; lastKnownFileType = sourcecode.swift; path = "ProfileVC + Action.swift"; sourceTree = "<group>"; };
		1A1451C02C6EAD2D003D5ECF /* FeedVC + Action.swift */ = {isa = PBXFileReference; lastKnownFileType = sourcecode.swift; path = "FeedVC + Action.swift"; sourceTree = "<group>"; };
		1A1451C22C6EADE5003D5ECF /* AddTrackVC + Action.swift */ = {isa = PBXFileReference; lastKnownFileType = sourcecode.swift; path = "AddTrackVC + Action.swift"; sourceTree = "<group>"; };
		1A1451C42C6EAE75003D5ECF /* AddTrackVC + UIDocumentPickerDelegate.swift */ = {isa = PBXFileReference; lastKnownFileType = sourcecode.swift; path = "AddTrackVC + UIDocumentPickerDelegate.swift"; sourceTree = "<group>"; };
		1A1451C62C6EAEC5003D5ECF /* AddTrackVC + UIImagePickerDelegate.swift */ = {isa = PBXFileReference; lastKnownFileType = sourcecode.swift; path = "AddTrackVC + UIImagePickerDelegate.swift"; sourceTree = "<group>"; };
		1A1451C82C6EAF57003D5ECF /* PlayerView.swift */ = {isa = PBXFileReference; lastKnownFileType = sourcecode.swift; path = PlayerView.swift; sourceTree = "<group>"; };
		1A1451CA2C6EB0FF003D5ECF /* PlayerVC + Action.swift */ = {isa = PBXFileReference; lastKnownFileType = sourcecode.swift; path = "PlayerVC + Action.swift"; sourceTree = "<group>"; };
		1A1451CC2C6EB1E0003D5ECF /* FullScreenView.swift */ = {isa = PBXFileReference; lastKnownFileType = sourcecode.swift; path = FullScreenView.swift; sourceTree = "<group>"; };
		1A1451CE2C6EB388003D5ECF /* FullScreenVC + Action.swift */ = {isa = PBXFileReference; lastKnownFileType = sourcecode.swift; path = "FullScreenVC + Action.swift"; sourceTree = "<group>"; };
		1A1451D02C6EB705003D5ECF /* ProfileViewModel.swift */ = {isa = PBXFileReference; lastKnownFileType = sourcecode.swift; path = ProfileViewModel.swift; sourceTree = "<group>"; };
		1A1451D22C6EBA7F003D5ECF /* AddTrackViewModel.swift */ = {isa = PBXFileReference; lastKnownFileType = sourcecode.swift; path = AddTrackViewModel.swift; sourceTree = "<group>"; };
		1A1451D42C6EBBAF003D5ECF /* PlayerViewModel.swift */ = {isa = PBXFileReference; lastKnownFileType = sourcecode.swift; path = PlayerViewModel.swift; sourceTree = "<group>"; };
		1A1451D62C6EBD1F003D5ECF /* FullScreenViewModel.swift */ = {isa = PBXFileReference; lastKnownFileType = sourcecode.swift; path = FullScreenViewModel.swift; sourceTree = "<group>"; };
		1A415B4D2C6A6E5300FF3825 /* BistrovPBD.app */ = {isa = PBXFileReference; explicitFileType = wrapper.application; includeInIndex = 0; path = BistrovPBD.app; sourceTree = BUILT_PRODUCTS_DIR; };
		1A415B502C6A6E5300FF3825 /* AppDelegate.swift */ = {isa = PBXFileReference; lastKnownFileType = sourcecode.swift; path = AppDelegate.swift; sourceTree = "<group>"; };
		1A415B522C6A6E5300FF3825 /* SceneDelegate.swift */ = {isa = PBXFileReference; lastKnownFileType = sourcecode.swift; path = SceneDelegate.swift; sourceTree = "<group>"; };
		1A415B542C6A6E5300FF3825 /* ViewController.swift */ = {isa = PBXFileReference; lastKnownFileType = sourcecode.swift; path = ViewController.swift; sourceTree = "<group>"; };
		1A415B5C2C6A6E5500FF3825 /* Assets.xcassets */ = {isa = PBXFileReference; lastKnownFileType = folder.assetcatalog; path = Assets.xcassets; sourceTree = "<group>"; };
		1A415B5F2C6A6E5500FF3825 /* Base */ = {isa = PBXFileReference; lastKnownFileType = file.storyboard; name = Base; path = Base.lproj/LaunchScreen.storyboard; sourceTree = "<group>"; };
		1A415B612C6A6E5500FF3825 /* Info.plist */ = {isa = PBXFileReference; lastKnownFileType = text.plist.xml; path = Info.plist; sourceTree = "<group>"; };
		1A415B682C6A6FEB00FF3825 /* Coordinator.swift */ = {isa = PBXFileReference; lastKnownFileType = sourcecode.swift; path = Coordinator.swift; sourceTree = "<group>"; };
		1A415B6A2C6A700400FF3825 /* AuthCoordinator.swift */ = {isa = PBXFileReference; lastKnownFileType = sourcecode.swift; path = AuthCoordinator.swift; sourceTree = "<group>"; };
		1A415B6C2C6A707C00FF3825 /* AuthViewController.swift */ = {isa = PBXFileReference; lastKnownFileType = sourcecode.swift; path = AuthViewController.swift; sourceTree = "<group>"; };
		1A415B6E2C6A708600FF3825 /* MainViewController.swift */ = {isa = PBXFileReference; lastKnownFileType = sourcecode.swift; path = MainViewController.swift; sourceTree = "<group>"; };
		1A415B702C6A801900FF3825 /* MainTabBarCoordinator.swift */ = {isa = PBXFileReference; lastKnownFileType = sourcecode.swift; path = MainTabBarCoordinator.swift; sourceTree = "<group>"; };
		1A415B792C6A835500FF3825 /* AuthView.swift */ = {isa = PBXFileReference; lastKnownFileType = sourcecode.swift; path = AuthView.swift; sourceTree = "<group>"; };
		1A415B812C6A838D00FF3825 /* UIView + Ext.swift */ = {isa = PBXFileReference; lastKnownFileType = sourcecode.swift; path = "UIView + Ext.swift"; sourceTree = "<group>"; };
		1A415B832C6A83D800FF3825 /* UIButton + Ext.swift */ = {isa = PBXFileReference; lastKnownFileType = sourcecode.swift; path = "UIButton + Ext.swift"; sourceTree = "<group>"; };
		1A415B852C6A83F900FF3825 /* UITextField + Ext.swift */ = {isa = PBXFileReference; lastKnownFileType = sourcecode.swift; path = "UITextField + Ext.swift"; sourceTree = "<group>"; };
		1A415B872C6A841000FF3825 /* Resources.swift */ = {isa = PBXFileReference; lastKnownFileType = sourcecode.swift; path = Resources.swift; sourceTree = "<group>"; };
		1A415B932C6A869900FF3825 /* AuthViewModel.swift */ = {isa = PBXFileReference; lastKnownFileType = sourcecode.swift; path = AuthViewModel.swift; sourceTree = "<group>"; };
		1A415B992C6A89E400FF3825 /* MainTabBarController.swift */ = {isa = PBXFileReference; lastKnownFileType = sourcecode.swift; path = MainTabBarController.swift; sourceTree = "<group>"; };
		1A415B9D2C6A8A3200FF3825 /* FeedViewController.swift */ = {isa = PBXFileReference; lastKnownFileType = sourcecode.swift; path = FeedViewController.swift; sourceTree = "<group>"; };
		1A415BA02C6A8A4700FF3825 /* ProfileViewController.swift */ = {isa = PBXFileReference; lastKnownFileType = sourcecode.swift; path = ProfileViewController.swift; sourceTree = "<group>"; };
		1A415BA22C6A8BDE00FF3825 /* ProfileView.swift */ = {isa = PBXFileReference; lastKnownFileType = sourcecode.swift; path = ProfileView.swift; sourceTree = "<group>"; };
		1A415BA42C6A959200FF3825 /* FeedView.swift */ = {isa = PBXFileReference; lastKnownFileType = sourcecode.swift; path = FeedView.swift; sourceTree = "<group>"; };
		1A415BA62C6A97E100FF3825 /* FeedVC + TableView.swift */ = {isa = PBXFileReference; lastKnownFileType = sourcecode.swift; path = "FeedVC + TableView.swift"; sourceTree = "<group>"; };
		1A415BA82C6A984400FF3825 /* TrackTableViewCell.swift */ = {isa = PBXFileReference; lastKnownFileType = sourcecode.swift; path = TrackTableViewCell.swift; sourceTree = "<group>"; };
		1A9BF2952C6AA341000661EC /* TrackManager.swift */ = {isa = PBXFileReference; lastKnownFileType = sourcecode.swift; path = TrackManager.swift; sourceTree = "<group>"; };
		1A9BF2982C6AA3D9000661EC /* TracksViewModel.swift */ = {isa = PBXFileReference; lastKnownFileType = sourcecode.swift; path = TracksViewModel.swift; sourceTree = "<group>"; };
		1A9BF29B2C6AA47F000661EC /* AddTrackViewController.swift */ = {isa = PBXFileReference; lastKnownFileType = sourcecode.swift; path = AddTrackViewController.swift; sourceTree = "<group>"; };
		1A9BF2A02C6AC957000661EC /* AddTrackView.swift */ = {isa = PBXFileReference; lastKnownFileType = sourcecode.swift; path = AddTrackView.swift; sourceTree = "<group>"; };
		1A9BF2A72C6ADDE5000661EC /* TrackModel.xcdatamodel */ = {isa = PBXFileReference; lastKnownFileType = wrapper.xcdatamodel; path = TrackModel.xcdatamodel; sourceTree = "<group>"; };
/* End PBXFileReference section */

/* Begin PBXFrameworksBuildPhase section */
		1A415B4A2C6A6E5300FF3825 /* Frameworks */ = {
			isa = PBXFrameworksBuildPhase;
			buildActionMask = 2147483647;
			files = (
				1A415B922C6A858A00FF3825 /* SnapKit in Frameworks */,
			);
			runOnlyForDeploymentPostprocessing = 0;
		};
/* End PBXFrameworksBuildPhase section */

/* Begin PBXGroup section */
		1A14516F2C6CF02B003D5ECF /* Music */ = {
			isa = PBXGroup;
			children = (
				1A14517A2C6CF03B003D5ECF /* Breed.mp3 */,
				1A1451712C6CF03B003D5ECF /* Come As You Are.mp3 */,
				1A1451702C6CF03B003D5ECF /* Drain You.mp3 */,
				1A1451752C6CF03B003D5ECF /* In Bloom.mp3 */,
				1A14517B2C6CF03B003D5ECF /* Lithium.mp3 */,
				1A1451782C6CF03B003D5ECF /* Lounge Act.mp3 */,
				1A1451732C6CF03B003D5ECF /* On A Plain.mp3 */,
				1A1451772C6CF03B003D5ECF /* Polly.mp3 */,
				1A1451722C6CF03B003D5ECF /* Smells Like Teen Spirit.mp3 */,
				1A1451762C6CF03B003D5ECF /* Something In The Way.mp3 */,
				1A1451792C6CF03B003D5ECF /* Stay Away.mp3 */,
				1A1451742C6CF03B003D5ECF /* Territorial Pissings.mp3 */,
			);
			path = Music;
			sourceTree = "<group>";
		};
		1A1451922C6D583B003D5ECF /* PlayerView */ = {
			isa = PBXGroup;
			children = (
				1A1451932C6D584A003D5ECF /* PlayerViewController.swift */,
				1A1451C82C6EAF57003D5ECF /* PlayerView.swift */,
				1A1451CA2C6EB0FF003D5ECF /* PlayerVC + Action.swift */,
			);
			path = PlayerView;
			sourceTree = "<group>";
		};
		1A1451972C6D6B07003D5ECF /* FullScreenView */ = {
			isa = PBXGroup;
			children = (
				1A1451982C6D6B21003D5ECF /* FullScreenViewController.swift */,
				1A1451CC2C6EB1E0003D5ECF /* FullScreenView.swift */,
				1A1451CE2C6EB388003D5ECF /* FullScreenVC + Action.swift */,
			);
			path = FullScreenView;
			sourceTree = "<group>";
		};
		1A14519A2C6D7469003D5ECF /* Audio */ = {
			isa = PBXGroup;
			children = (
				1A14519B2C6D747D003D5ECF /* AudioPlayer.swift */,
			);
			path = Audio;
			sourceTree = "<group>";
		};
		1A14519F2C6E3F8F003D5ECF /* FavouritesView */ = {
			isa = PBXGroup;
			children = (
				1A14519D2C6E3F8A003D5ECF /* FavouritesView.swift */,
				1A1451A02C6E3FA8003D5ECF /* FavouritesViewController.swift */,
				1A1451A52C6E744B003D5ECF /* FavouritesVC + TableView.swift */,
			);
			path = FavouritesView;
			sourceTree = "<group>";
		};
		1A1451A92C6E96DB003D5ECF /* Favourites */ = {
			isa = PBXGroup;
			children = (
				1A1451A32C6E4768003D5ECF /* FavouritesManager.swift */,
			);
			path = Favourites;
			sourceTree = "<group>";
		};
		1A1451AA2C6E96E9003D5ECF /* Tracks */ = {
			isa = PBXGroup;
			children = (
				1A9BF2952C6AA341000661EC /* TrackManager.swift */,
			);
			path = Tracks;
			sourceTree = "<group>";
		};
		1A1451AB2C6E96F4003D5ECF /* Auth */ = {
			isa = PBXGroup;
			children = (
				1A1451B42C6EA1DB003D5ECF /* AuthManager.swift */,
			);
			path = Auth;
			sourceTree = "<group>";
		};
		1A1451B82C6EAA34003D5ECF /* MainCoordinator */ = {
			isa = PBXGroup;
			children = (
				1A415B702C6A801900FF3825 /* MainTabBarCoordinator.swift */,
				1A1451BC2C6EAA5D003D5ECF /* PlayerCoordinator */,
				1A1451BB2C6EAA52003D5ECF /* FavouritesCoordinator */,
				1A1451BA2C6EAA4A003D5ECF /* FeedCoordinator */,
				1A1451B92C6EAA41003D5ECF /* ProfileCoordinator */,
			);
			path = MainCoordinator;
			sourceTree = "<group>";
		};
		1A1451B92C6EAA41003D5ECF /* ProfileCoordinator */ = {
			isa = PBXGroup;
			children = (
				1A1451AF2C6E9E43003D5ECF /* ProfileCoordinator.swift */,
			);
			path = ProfileCoordinator;
			sourceTree = "<group>";
		};
		1A1451BA2C6EAA4A003D5ECF /* FeedCoordinator */ = {
			isa = PBXGroup;
			children = (
				1A1451AD2C6E9E1E003D5ECF /* FeedCoordinator.swift */,
			);
			path = FeedCoordinator;
			sourceTree = "<group>";
		};
		1A1451BB2C6EAA52003D5ECF /* FavouritesCoordinator */ = {
			isa = PBXGroup;
			children = (
				1A1451B22C6E9F85003D5ECF /* FavouritesCoordinator.swift */,
			);
			path = FavouritesCoordinator;
			sourceTree = "<group>";
		};
		1A1451BC2C6EAA5D003D5ECF /* PlayerCoordinator */ = {
			isa = PBXGroup;
			children = (
				1A1451B62C6EA748003D5ECF /* PlayerCoordinator.swift */,
			);
			path = PlayerCoordinator;
			sourceTree = "<group>";
		};
		1A1451BD2C6EAA7F003D5ECF /* AuthCoordinator */ = {
			isa = PBXGroup;
			children = (
				1A415B6A2C6A700400FF3825 /* AuthCoordinator.swift */,
				1A1451B82C6EAA34003D5ECF /* MainCoordinator */,
			);
			path = AuthCoordinator;
			sourceTree = "<group>";
		};
		1A415B442C6A6E5300FF3825 = {
			isa = PBXGroup;
			children = (
				1A14518E2C6D5517003D5ECF /* TrackEntities+CoreDataClass.swift */,
				1A14518F2C6D5517003D5ECF /* TrackEntities+CoreDataProperties.swift */,
				1A415B4F2C6A6E5300FF3825 /* BistrovPBD */,
				1A415B4E2C6A6E5300FF3825 /* Products */,
			);
			sourceTree = "<group>";
		};
		1A415B4E2C6A6E5300FF3825 /* Products */ = {
			isa = PBXGroup;
			children = (
				1A415B4D2C6A6E5300FF3825 /* BistrovPBD.app */,
			);
			name = Products;
			sourceTree = "<group>";
		};
		1A415B4F2C6A6E5300FF3825 /* BistrovPBD */ = {
			isa = PBXGroup;
			children = (
				1A415B672C6A6FD800FF3825 /* Coordinator */,
				1A415B722C6A80B300FF3825 /* Model */,
				1A415B732C6A80BA00FF3825 /* View */,
				1A415B742C6A80BF00FF3825 /* ViewModel */,
				1A415B542C6A6E5300FF3825 /* ViewController.swift */,
				1A415B6E2C6A708600FF3825 /* MainViewController.swift */,
			);
			path = BistrovPBD;
			sourceTree = "<group>";
		};
		1A415B672C6A6FD800FF3825 /* Coordinator */ = {
			isa = PBXGroup;
			children = (
				1A415B682C6A6FEB00FF3825 /* Coordinator.swift */,
				1A1451BD2C6EAA7F003D5ECF /* AuthCoordinator */,
			);
			path = Coordinator;
			sourceTree = "<group>";
		};
		1A415B722C6A80B300FF3825 /* Model */ = {
			isa = PBXGroup;
			children = (
				1A1451AB2C6E96F4003D5ECF /* Auth */,
				1A1451AA2C6E96E9003D5ECF /* Tracks */,
				1A1451A92C6E96DB003D5ECF /* Favourites */,
				1A14519A2C6D7469003D5ECF /* Audio */,
				1A14516F2C6CF02B003D5ECF /* Music */,
				1A415B972C6A89BD00FF3825 /* Data */,
				1A415B802C6A838000FF3825 /* Extensions */,
				1A415B762C6A80D300FF3825 /* Resources */,
				1A415B752C6A80CE00FF3825 /* Support */,
			);
			path = Model;
			sourceTree = "<group>";
		};
		1A415B732C6A80BA00FF3825 /* View */ = {
			isa = PBXGroup;
			children = (
				1A14519F2C6E3F8F003D5ECF /* FavouritesView */,
				1A1451972C6D6B07003D5ECF /* FullScreenView */,
				1A1451922C6D583B003D5ECF /* PlayerView */,
				1A9BF29A2C6AA46A000661EC /* AddTrackView */,
				1A415B9C2C6A8A2300FF3825 /* FeedView */,
				1A415B9B2C6A8A1C00FF3825 /* ProfileView */,
				1A415B982C6A89C700FF3825 /* MainTabBarController */,
				1A415B782C6A814100FF3825 /* AuthView */,
			);
			path = View;
			sourceTree = "<group>";
		};
		1A415B742C6A80BF00FF3825 /* ViewModel */ = {
			isa = PBXGroup;
			children = (
				1A415B932C6A869900FF3825 /* AuthViewModel.swift */,
				1A9BF2982C6AA3D9000661EC /* TracksViewModel.swift */,
				1A1451A72C6E7514003D5ECF /* FavouritesViewModel.swift */,
				1A1451D02C6EB705003D5ECF /* ProfileViewModel.swift */,
				1A1451D22C6EBA7F003D5ECF /* AddTrackViewModel.swift */,
				1A1451D42C6EBBAF003D5ECF /* PlayerViewModel.swift */,
				1A1451D62C6EBD1F003D5ECF /* FullScreenViewModel.swift */,
			);
			path = ViewModel;
			sourceTree = "<group>";
		};
		1A415B752C6A80CE00FF3825 /* Support */ = {
			isa = PBXGroup;
			children = (
				1A415B612C6A6E5500FF3825 /* Info.plist */,
				1A415B502C6A6E5300FF3825 /* AppDelegate.swift */,
				1A415B522C6A6E5300FF3825 /* SceneDelegate.swift */,
			);
			path = Support;
			sourceTree = "<group>";
		};
		1A415B762C6A80D300FF3825 /* Resources */ = {
			isa = PBXGroup;
			children = (
				1A415B5C2C6A6E5500FF3825 /* Assets.xcassets */,
				1A415B5E2C6A6E5500FF3825 /* LaunchScreen.storyboard */,
				1A415B872C6A841000FF3825 /* Resources.swift */,
			);
			path = Resources;
			sourceTree = "<group>";
		};
		1A415B782C6A814100FF3825 /* AuthView */ = {
			isa = PBXGroup;
			children = (
				1A415B6C2C6A707C00FF3825 /* AuthViewController.swift */,
				1A415B792C6A835500FF3825 /* AuthView.swift */,
			);
			path = AuthView;
			sourceTree = "<group>";
		};
		1A415B802C6A838000FF3825 /* Extensions */ = {
			isa = PBXGroup;
			children = (
				1A415B812C6A838D00FF3825 /* UIView + Ext.swift */,
				1A415B832C6A83D800FF3825 /* UIButton + Ext.swift */,
				1A415B852C6A83F900FF3825 /* UITextField + Ext.swift */,
				1A1451952C6D64E3003D5ECF /* UIImage + Ext.swift */,
			);
			path = Extensions;
			sourceTree = "<group>";
		};
		1A415B972C6A89BD00FF3825 /* Data */ = {
			isa = PBXGroup;
			children = (
				1A9BF2A62C6ADDE5000661EC /* TrackModel.xcdatamodeld */,
			);
			path = Data;
			sourceTree = "<group>";
		};
		1A415B982C6A89C700FF3825 /* MainTabBarController */ = {
			isa = PBXGroup;
			children = (
				1A415B992C6A89E400FF3825 /* MainTabBarController.swift */,
			);
			path = MainTabBarController;
			sourceTree = "<group>";
		};
		1A415B9B2C6A8A1C00FF3825 /* ProfileView */ = {
			isa = PBXGroup;
			children = (
				1A415BA02C6A8A4700FF3825 /* ProfileViewController.swift */,
				1A415BA22C6A8BDE00FF3825 /* ProfileView.swift */,
				1A1451BE2C6EAB87003D5ECF /* ProfileVC + Action.swift */,
			);
			path = ProfileView;
			sourceTree = "<group>";
		};
		1A415B9C2C6A8A2300FF3825 /* FeedView */ = {
			isa = PBXGroup;
			children = (
				1A415B9D2C6A8A3200FF3825 /* FeedViewController.swift */,
				1A415BA42C6A959200FF3825 /* FeedView.swift */,
				1A415BA62C6A97E100FF3825 /* FeedVC + TableView.swift */,
				1A415BA82C6A984400FF3825 /* TrackTableViewCell.swift */,
				1A1451C02C6EAD2D003D5ECF /* FeedVC + Action.swift */,
			);
			path = FeedView;
			sourceTree = "<group>";
		};
		1A9BF29A2C6AA46A000661EC /* AddTrackView */ = {
			isa = PBXGroup;
			children = (
				1A9BF29B2C6AA47F000661EC /* AddTrackViewController.swift */,
				1A9BF2A02C6AC957000661EC /* AddTrackView.swift */,
				1A1451C22C6EADE5003D5ECF /* AddTrackVC + Action.swift */,
				1A1451C42C6EAE75003D5ECF /* AddTrackVC + UIDocumentPickerDelegate.swift */,
				1A1451C62C6EAEC5003D5ECF /* AddTrackVC + UIImagePickerDelegate.swift */,
			);
			path = AddTrackView;
			sourceTree = "<group>";
		};
/* End PBXGroup section */

/* Begin PBXNativeTarget section */
		1A415B4C2C6A6E5300FF3825 /* BistrovPBD */ = {
			isa = PBXNativeTarget;
			buildConfigurationList = 1A415B642C6A6E5500FF3825 /* Build configuration list for PBXNativeTarget "BistrovPBD" */;
			buildPhases = (
				1A415B492C6A6E5300FF3825 /* Sources */,
				1A415B4A2C6A6E5300FF3825 /* Frameworks */,
				1A415B4B2C6A6E5300FF3825 /* Resources */,
				1A415B8F2C6A851D00FF3825 /* Embed Frameworks */,
			);
			buildRules = (
			);
			dependencies = (
			);
			name = BistrovPBD;
			packageProductDependencies = (
				1A415B912C6A858A00FF3825 /* SnapKit */,
			);
			productName = BistrovPBD;
			productReference = 1A415B4D2C6A6E5300FF3825 /* BistrovPBD.app */;
			productType = "com.apple.product-type.application";
		};
/* End PBXNativeTarget section */

/* Begin PBXProject section */
		1A415B452C6A6E5300FF3825 /* Project object */ = {
			isa = PBXProject;
			attributes = {
				BuildIndependentTargetsInParallel = 1;
				LastSwiftUpdateCheck = 1540;
				LastUpgradeCheck = 1540;
				TargetAttributes = {
					1A415B4C2C6A6E5300FF3825 = {
						CreatedOnToolsVersion = 15.4;
					};
				};
			};
			buildConfigurationList = 1A415B482C6A6E5300FF3825 /* Build configuration list for PBXProject "BistrovPBD" */;
			compatibilityVersion = "Xcode 14.0";
			developmentRegion = en;
			hasScannedForEncodings = 0;
			knownRegions = (
				en,
				Base,
			);
			mainGroup = 1A415B442C6A6E5300FF3825;
			packageReferences = (
				1A415B902C6A858A00FF3825 /* XCRemoteSwiftPackageReference "SnapKit" */,
			);
			productRefGroup = 1A415B4E2C6A6E5300FF3825 /* Products */;
			projectDirPath = "";
			projectRoot = "";
			targets = (
				1A415B4C2C6A6E5300FF3825 /* BistrovPBD */,
			);
		};
/* End PBXProject section */

/* Begin PBXResourcesBuildPhase section */
		1A415B4B2C6A6E5300FF3825 /* Resources */ = {
			isa = PBXResourcesBuildPhase;
			buildActionMask = 2147483647;
			files = (
				1A1451812C6CF03B003D5ECF /* In Bloom.mp3 in Resources */,
				1A1451872C6CF03B003D5ECF /* Lithium.mp3 in Resources */,
				1A1451832C6CF03B003D5ECF /* Polly.mp3 in Resources */,
				1A1451802C6CF03B003D5ECF /* Territorial Pissings.mp3 in Resources */,
				1A14517F2C6CF03B003D5ECF /* On A Plain.mp3 in Resources */,
				1A1451862C6CF03B003D5ECF /* Breed.mp3 in Resources */,
				1A14517D2C6CF03B003D5ECF /* Come As You Are.mp3 in Resources */,
				1A14517C2C6CF03B003D5ECF /* Drain You.mp3 in Resources */,
				1A1451822C6CF03B003D5ECF /* Something In The Way.mp3 in Resources */,
				1A415B5D2C6A6E5500FF3825 /* Assets.xcassets in Resources */,
				1A1451852C6CF03B003D5ECF /* Stay Away.mp3 in Resources */,
				1A415B602C6A6E5500FF3825 /* Base in Resources */,
				1A14517E2C6CF03B003D5ECF /* Smells Like Teen Spirit.mp3 in Resources */,
				1A1451842C6CF03B003D5ECF /* Lounge Act.mp3 in Resources */,
			);
			runOnlyForDeploymentPostprocessing = 0;
		};
/* End PBXResourcesBuildPhase section */

/* Begin PBXSourcesBuildPhase section */
		1A415B492C6A6E5300FF3825 /* Sources */ = {
			isa = PBXSourcesBuildPhase;
			buildActionMask = 2147483647;
			files = (
				1A1451A12C6E3FA8003D5ECF /* FavouritesViewController.swift in Sources */,
				1A1451CF2C6EB388003D5ECF /* FullScreenVC + Action.swift in Sources */,
				1A1451BF2C6EAB87003D5ECF /* ProfileVC + Action.swift in Sources */,
				1A1451B52C6EA1DB003D5ECF /* AuthManager.swift in Sources */,
				1A1451C92C6EAF57003D5ECF /* PlayerView.swift in Sources */,
				1A415B552C6A6E5300FF3825 /* ViewController.swift in Sources */,
				1A415B6B2C6A700400FF3825 /* AuthCoordinator.swift in Sources */,
				1A415B512C6A6E5300FF3825 /* AppDelegate.swift in Sources */,
				1A415B822C6A838D00FF3825 /* UIView + Ext.swift in Sources */,
				1A1451D52C6EBBAF003D5ECF /* PlayerViewModel.swift in Sources */,
				1A1451D32C6EBA7F003D5ECF /* AddTrackViewModel.swift in Sources */,
				1A9BF29C2C6AA47F000661EC /* AddTrackViewController.swift in Sources */,
				1A1451D12C6EB705003D5ECF /* ProfileViewModel.swift in Sources */,
				1A1451942C6D584A003D5ECF /* PlayerViewController.swift in Sources */,
				1A415B712C6A801900FF3825 /* MainTabBarCoordinator.swift in Sources */,
				1A1451C12C6EAD2D003D5ECF /* FeedVC + Action.swift in Sources */,
				1A1451B02C6E9E43003D5ECF /* ProfileCoordinator.swift in Sources */,
				1A1451A82C6E7514003D5ECF /* FavouritesViewModel.swift in Sources */,
				1A415BA72C6A97E100FF3825 /* FeedVC + TableView.swift in Sources */,
				1A415B942C6A869900FF3825 /* AuthViewModel.swift in Sources */,
				1A415B6D2C6A707C00FF3825 /* AuthViewController.swift in Sources */,
				1A1451A42C6E4768003D5ECF /* FavouritesManager.swift in Sources */,
				1A415BA52C6A959200FF3825 /* FeedView.swift in Sources */,
				1A1451962C6D64E3003D5ECF /* UIImage + Ext.swift in Sources */,
				1A415B692C6A6FEB00FF3825 /* Coordinator.swift in Sources */,
				1A415B7A2C6A835500FF3825 /* AuthView.swift in Sources */,
				1A1451A62C6E744B003D5ECF /* FavouritesVC + TableView.swift in Sources */,
				1A415BA12C6A8A4700FF3825 /* ProfileViewController.swift in Sources */,
				1A9BF2A12C6AC957000661EC /* AddTrackView.swift in Sources */,
				1A1451D72C6EBD1F003D5ECF /* FullScreenViewModel.swift in Sources */,
				1A415B9E2C6A8A3200FF3825 /* FeedViewController.swift in Sources */,
				1A1451AE2C6E9E1E003D5ECF /* FeedCoordinator.swift in Sources */,
				1A415BA32C6A8BDE00FF3825 /* ProfileView.swift in Sources */,
				1A415B882C6A841000FF3825 /* Resources.swift in Sources */,
				1A1451992C6D6B21003D5ECF /* FullScreenViewController.swift in Sources */,
				1A1451B72C6EA749003D5ECF /* PlayerCoordinator.swift in Sources */,
				1A9BF2992C6AA3D9000661EC /* TracksViewModel.swift in Sources */,
				1A9BF2962C6AA341000661EC /* TrackManager.swift in Sources */,
				1A1451CD2C6EB1E0003D5ECF /* FullScreenView.swift in Sources */,
				1A1451C52C6EAE75003D5ECF /* AddTrackVC + UIDocumentPickerDelegate.swift in Sources */,
				1A415B842C6A83D800FF3825 /* UIButton + Ext.swift in Sources */,
				1A415B532C6A6E5300FF3825 /* SceneDelegate.swift in Sources */,
				1A1451C32C6EADE5003D5ECF /* AddTrackVC + Action.swift in Sources */,
				1A415B862C6A83F900FF3825 /* UITextField + Ext.swift in Sources */,
				1A415B6F2C6A708600FF3825 /* MainViewController.swift in Sources */,
				1A14519C2C6D747D003D5ECF /* AudioPlayer.swift in Sources */,
				1A1451C72C6EAEC5003D5ECF /* AddTrackVC + UIImagePickerDelegate.swift in Sources */,
				1A415BA92C6A984400FF3825 /* TrackTableViewCell.swift in Sources */,
				1A415B9A2C6A89E400FF3825 /* MainTabBarController.swift in Sources */,
				1A1451902C6D5517003D5ECF /* TrackEntities+CoreDataClass.swift in Sources */,
				1A1451912C6D5517003D5ECF /* TrackEntities+CoreDataProperties.swift in Sources */,
				1A1451B32C6E9F85003D5ECF /* FavouritesCoordinator.swift in Sources */,
				1A14519E2C6E3F8A003D5ECF /* FavouritesView.swift in Sources */,
				1A1451CB2C6EB0FF003D5ECF /* PlayerVC + Action.swift in Sources */,
				1A9BF2A82C6ADDE5000661EC /* TrackModel.xcdatamodeld in Sources */,
			);
			runOnlyForDeploymentPostprocessing = 0;
		};
/* End PBXSourcesBuildPhase section */

/* Begin PBXVariantGroup section */
		1A415B5E2C6A6E5500FF3825 /* LaunchScreen.storyboard */ = {
			isa = PBXVariantGroup;
			children = (
				1A415B5F2C6A6E5500FF3825 /* Base */,
			);
			name = LaunchScreen.storyboard;
			sourceTree = "<group>";
		};
/* End PBXVariantGroup section */

/* Begin XCBuildConfiguration section */
		1A415B622C6A6E5500FF3825 /* Debug */ = {
			isa = XCBuildConfiguration;
			buildSettings = {
				ALWAYS_SEARCH_USER_PATHS = NO;
				ASSETCATALOG_COMPILER_GENERATE_SWIFT_ASSET_SYMBOL_EXTENSIONS = YES;
				CLANG_ANALYZER_NONNULL = YES;
				CLANG_ANALYZER_NUMBER_OBJECT_CONVERSION = YES_AGGRESSIVE;
				CLANG_CXX_LANGUAGE_STANDARD = "gnu++20";
				CLANG_ENABLE_MODULES = YES;
				CLANG_ENABLE_OBJC_ARC = YES;
				CLANG_ENABLE_OBJC_WEAK = YES;
				CLANG_WARN_BLOCK_CAPTURE_AUTORELEASING = YES;
				CLANG_WARN_BOOL_CONVERSION = YES;
				CLANG_WARN_COMMA = YES;
				CLANG_WARN_CONSTANT_CONVERSION = YES;
				CLANG_WARN_DEPRECATED_OBJC_IMPLEMENTATIONS = YES;
				CLANG_WARN_DIRECT_OBJC_ISA_USAGE = YES_ERROR;
				CLANG_WARN_DOCUMENTATION_COMMENTS = YES;
				CLANG_WARN_EMPTY_BODY = YES;
				CLANG_WARN_ENUM_CONVERSION = YES;
				CLANG_WARN_INFINITE_RECURSION = YES;
				CLANG_WARN_INT_CONVERSION = YES;
				CLANG_WARN_NON_LITERAL_NULL_CONVERSION = YES;
				CLANG_WARN_OBJC_IMPLICIT_RETAIN_SELF = YES;
				CLANG_WARN_OBJC_LITERAL_CONVERSION = YES;
				CLANG_WARN_OBJC_ROOT_CLASS = YES_ERROR;
				CLANG_WARN_QUOTED_INCLUDE_IN_FRAMEWORK_HEADER = YES;
				CLANG_WARN_RANGE_LOOP_ANALYSIS = YES;
				CLANG_WARN_STRICT_PROTOTYPES = YES;
				CLANG_WARN_SUSPICIOUS_MOVE = YES;
				CLANG_WARN_UNGUARDED_AVAILABILITY = YES_AGGRESSIVE;
				CLANG_WARN_UNREACHABLE_CODE = YES;
				CLANG_WARN__DUPLICATE_METHOD_MATCH = YES;
				COPY_PHASE_STRIP = NO;
				DEBUG_INFORMATION_FORMAT = dwarf;
				ENABLE_STRICT_OBJC_MSGSEND = YES;
				ENABLE_TESTABILITY = YES;
				ENABLE_USER_SCRIPT_SANDBOXING = YES;
				GCC_C_LANGUAGE_STANDARD = gnu17;
				GCC_DYNAMIC_NO_PIC = NO;
				GCC_NO_COMMON_BLOCKS = YES;
				GCC_OPTIMIZATION_LEVEL = 0;
				GCC_PREPROCESSOR_DEFINITIONS = (
					"DEBUG=1",
					"$(inherited)",
				);
				GCC_WARN_64_TO_32_BIT_CONVERSION = YES;
				GCC_WARN_ABOUT_RETURN_TYPE = YES_ERROR;
				GCC_WARN_UNDECLARED_SELECTOR = YES;
				GCC_WARN_UNINITIALIZED_AUTOS = YES_AGGRESSIVE;
				GCC_WARN_UNUSED_FUNCTION = YES;
				GCC_WARN_UNUSED_VARIABLE = YES;
				IPHONEOS_DEPLOYMENT_TARGET = 17.5;
				LOCALIZATION_PREFERS_STRING_CATALOGS = YES;
				MTL_ENABLE_DEBUG_INFO = INCLUDE_SOURCE;
				MTL_FAST_MATH = YES;
				ONLY_ACTIVE_ARCH = YES;
				SDKROOT = iphoneos;
				SWIFT_ACTIVE_COMPILATION_CONDITIONS = "DEBUG $(inherited)";
				SWIFT_OPTIMIZATION_LEVEL = "-Onone";
			};
			name = Debug;
		};
		1A415B632C6A6E5500FF3825 /* Release */ = {
			isa = XCBuildConfiguration;
			buildSettings = {
				ALWAYS_SEARCH_USER_PATHS = NO;
				ASSETCATALOG_COMPILER_GENERATE_SWIFT_ASSET_SYMBOL_EXTENSIONS = YES;
				CLANG_ANALYZER_NONNULL = YES;
				CLANG_ANALYZER_NUMBER_OBJECT_CONVERSION = YES_AGGRESSIVE;
				CLANG_CXX_LANGUAGE_STANDARD = "gnu++20";
				CLANG_ENABLE_MODULES = YES;
				CLANG_ENABLE_OBJC_ARC = YES;
				CLANG_ENABLE_OBJC_WEAK = YES;
				CLANG_WARN_BLOCK_CAPTURE_AUTORELEASING = YES;
				CLANG_WARN_BOOL_CONVERSION = YES;
				CLANG_WARN_COMMA = YES;
				CLANG_WARN_CONSTANT_CONVERSION = YES;
				CLANG_WARN_DEPRECATED_OBJC_IMPLEMENTATIONS = YES;
				CLANG_WARN_DIRECT_OBJC_ISA_USAGE = YES_ERROR;
				CLANG_WARN_DOCUMENTATION_COMMENTS = YES;
				CLANG_WARN_EMPTY_BODY = YES;
				CLANG_WARN_ENUM_CONVERSION = YES;
				CLANG_WARN_INFINITE_RECURSION = YES;
				CLANG_WARN_INT_CONVERSION = YES;
				CLANG_WARN_NON_LITERAL_NULL_CONVERSION = YES;
				CLANG_WARN_OBJC_IMPLICIT_RETAIN_SELF = YES;
				CLANG_WARN_OBJC_LITERAL_CONVERSION = YES;
				CLANG_WARN_OBJC_ROOT_CLASS = YES_ERROR;
				CLANG_WARN_QUOTED_INCLUDE_IN_FRAMEWORK_HEADER = YES;
				CLANG_WARN_RANGE_LOOP_ANALYSIS = YES;
				CLANG_WARN_STRICT_PROTOTYPES = YES;
				CLANG_WARN_SUSPICIOUS_MOVE = YES;
				CLANG_WARN_UNGUARDED_AVAILABILITY = YES_AGGRESSIVE;
				CLANG_WARN_UNREACHABLE_CODE = YES;
				CLANG_WARN__DUPLICATE_METHOD_MATCH = YES;
				COPY_PHASE_STRIP = NO;
				DEBUG_INFORMATION_FORMAT = "dwarf-with-dsym";
				ENABLE_NS_ASSERTIONS = NO;
				ENABLE_STRICT_OBJC_MSGSEND = YES;
				ENABLE_USER_SCRIPT_SANDBOXING = YES;
				GCC_C_LANGUAGE_STANDARD = gnu17;
				GCC_NO_COMMON_BLOCKS = YES;
				GCC_WARN_64_TO_32_BIT_CONVERSION = YES;
				GCC_WARN_ABOUT_RETURN_TYPE = YES_ERROR;
				GCC_WARN_UNDECLARED_SELECTOR = YES;
				GCC_WARN_UNINITIALIZED_AUTOS = YES_AGGRESSIVE;
				GCC_WARN_UNUSED_FUNCTION = YES;
				GCC_WARN_UNUSED_VARIABLE = YES;
				IPHONEOS_DEPLOYMENT_TARGET = 17.5;
				LOCALIZATION_PREFERS_STRING_CATALOGS = YES;
				MTL_ENABLE_DEBUG_INFO = NO;
				MTL_FAST_MATH = YES;
				SDKROOT = iphoneos;
				SWIFT_COMPILATION_MODE = wholemodule;
				VALIDATE_PRODUCT = YES;
			};
			name = Release;
		};
		1A415B652C6A6E5500FF3825 /* Debug */ = {
			isa = XCBuildConfiguration;
			buildSettings = {
				ASSETCATALOG_COMPILER_APPICON_NAME = AppIcon;
				ASSETCATALOG_COMPILER_GLOBAL_ACCENT_COLOR_NAME = AccentColor;
				CODE_SIGN_STYLE = Automatic;
				CURRENT_PROJECT_VERSION = 1;
				GENERATE_INFOPLIST_FILE = YES;
				INFOPLIST_FILE = BistrovPBD/Model/Support/Info.plist;
				INFOPLIST_KEY_UIApplicationSupportsIndirectInputEvents = YES;
				INFOPLIST_KEY_UILaunchStoryboardName = LaunchScreen;
				INFOPLIST_KEY_UISupportedInterfaceOrientations_iPad = "UIInterfaceOrientationPortrait UIInterfaceOrientationPortraitUpsideDown UIInterfaceOrientationLandscapeLeft UIInterfaceOrientationLandscapeRight";
				INFOPLIST_KEY_UISupportedInterfaceOrientations_iPhone = "UIInterfaceOrientationPortrait UIInterfaceOrientationLandscapeLeft UIInterfaceOrientationLandscapeRight";
				LD_RUNPATH_SEARCH_PATHS = (
					"$(inherited)",
					"@executable_path/Frameworks",
				);
				MARKETING_VERSION = 1.0;
				PRODUCT_BUNDLE_IDENTIFIER = com.Aleks.BistrovPBD;
				PRODUCT_NAME = "$(TARGET_NAME)";
				SWIFT_EMIT_LOC_STRINGS = YES;
				SWIFT_VERSION = 5.0;
				TARGETED_DEVICE_FAMILY = "1,2";
			};
			name = Debug;
		};
		1A415B662C6A6E5500FF3825 /* Release */ = {
			isa = XCBuildConfiguration;
			buildSettings = {
				ASSETCATALOG_COMPILER_APPICON_NAME = AppIcon;
				ASSETCATALOG_COMPILER_GLOBAL_ACCENT_COLOR_NAME = AccentColor;
				CODE_SIGN_STYLE = Automatic;
				CURRENT_PROJECT_VERSION = 1;
				GENERATE_INFOPLIST_FILE = YES;
				INFOPLIST_FILE = BistrovPBD/Model/Support/Info.plist;
				INFOPLIST_KEY_UIApplicationSupportsIndirectInputEvents = YES;
				INFOPLIST_KEY_UILaunchStoryboardName = LaunchScreen;
				INFOPLIST_KEY_UISupportedInterfaceOrientations_iPad = "UIInterfaceOrientationPortrait UIInterfaceOrientationPortraitUpsideDown UIInterfaceOrientationLandscapeLeft UIInterfaceOrientationLandscapeRight";
				INFOPLIST_KEY_UISupportedInterfaceOrientations_iPhone = "UIInterfaceOrientationPortrait UIInterfaceOrientationLandscapeLeft UIInterfaceOrientationLandscapeRight";
				LD_RUNPATH_SEARCH_PATHS = (
					"$(inherited)",
					"@executable_path/Frameworks",
				);
				MARKETING_VERSION = 1.0;
				PRODUCT_BUNDLE_IDENTIFIER = com.Aleks.BistrovPBD;
				PRODUCT_NAME = "$(TARGET_NAME)";
				SWIFT_EMIT_LOC_STRINGS = YES;
				SWIFT_VERSION = 5.0;
				TARGETED_DEVICE_FAMILY = "1,2";
			};
			name = Release;
		};
/* End XCBuildConfiguration section */

/* Begin XCConfigurationList section */
		1A415B482C6A6E5300FF3825 /* Build configuration list for PBXProject "BistrovPBD" */ = {
			isa = XCConfigurationList;
			buildConfigurations = (
				1A415B622C6A6E5500FF3825 /* Debug */,
				1A415B632C6A6E5500FF3825 /* Release */,
			);
			defaultConfigurationIsVisible = 0;
			defaultConfigurationName = Release;
		};
		1A415B642C6A6E5500FF3825 /* Build configuration list for PBXNativeTarget "BistrovPBD" */ = {
			isa = XCConfigurationList;
			buildConfigurations = (
				1A415B652C6A6E5500FF3825 /* Debug */,
				1A415B662C6A6E5500FF3825 /* Release */,
			);
			defaultConfigurationIsVisible = 0;
			defaultConfigurationName = Release;
		};
/* End XCConfigurationList section */

/* Begin XCRemoteSwiftPackageReference section */
		1A415B902C6A858A00FF3825 /* XCRemoteSwiftPackageReference "SnapKit" */ = {
			isa = XCRemoteSwiftPackageReference;
			repositoryURL = "https://github.com/SnapKit/SnapKit";
			requirement = {
				kind = upToNextMajorVersion;
				minimumVersion = 5.7.1;
			};
		};
/* End XCRemoteSwiftPackageReference section */

/* Begin XCSwiftPackageProductDependency section */
		1A415B912C6A858A00FF3825 /* SnapKit */ = {
			isa = XCSwiftPackageProductDependency;
			package = 1A415B902C6A858A00FF3825 /* XCRemoteSwiftPackageReference "SnapKit" */;
			productName = SnapKit;
		};
/* End XCSwiftPackageProductDependency section */

/* Begin XCVersionGroup section */
		1A9BF2A62C6ADDE5000661EC /* TrackModel.xcdatamodeld */ = {
			isa = XCVersionGroup;
			children = (
				1A9BF2A72C6ADDE5000661EC /* TrackModel.xcdatamodel */,
			);
			currentVersion = 1A9BF2A72C6ADDE5000661EC /* TrackModel.xcdatamodel */;
			name = TrackModel.xcdatamodeld;
			path = /Users/aleksandrandreev/Desktop/BistrovPBD/BistrovPBD/Model/Data/TrackModel.xcdatamodeld;
			sourceTree = "<group>";
			versionGroupType = wrapper.xcdatamodel;
		};
/* End XCVersionGroup section */
	};
	rootObject = 1A415B452C6A6E5300FF3825 /* Project object */;
}
